// !$*UTF8*$!
{
	archiveVersion = 1;
	classes = {
	};
	objectVersion = 46;
	objects = {

/* Begin PBXBuildFile section */
		F60179FA14EB88E700CB0D32 /* CCTVEditTableViewController.m in Sources */ = {isa = PBXBuildFile; fileRef = F60179F914EB88E700CB0D32 /* CCTVEditTableViewController.m */; };
		F60CC91C14F3381800DCA7B6 /* CCTVMPViewController.m in Sources */ = {isa = PBXBuildFile; fileRef = F60CC91B14F3381800DCA7B6 /* CCTVMPViewController.m */; };
		F60CC91E14F33A7F00DCA7B6 /* MediaPlayer.framework in Frameworks */ = {isa = PBXBuildFile; fileRef = F60CC91D14F33A7F00DCA7B6 /* MediaPlayer.framework */; };
		F62D4B8A14DBC376006CEC89 /* CCTVViewController.m in Sources */ = {isa = PBXBuildFile; fileRef = F62D4B8914DBC376006CEC89 /* CCTVViewController.m */; };
		F62D4B8F14DBC68D006CEC89 /* CCTVPlayerLayerView.m in Sources */ = {isa = PBXBuildFile; fileRef = F62D4B8E14DBC68D006CEC89 /* CCTVPlayerLayerView.m */; };
		F62D4B9114DBC779006CEC89 /* AVFoundation.framework in Frameworks */ = {isa = PBXBuildFile; fileRef = F62D4B9014DBC778006CEC89 /* AVFoundation.framework */; };
		F63D43E414E4BF9C00632EBE /* CCTVAddTableViewController.m in Sources */ = {isa = PBXBuildFile; fileRef = F63D43E314E4BF9C00632EBE /* CCTVAddTableViewController.m */; };
		F63D43EA14E4C2CE00632EBE /* CCTVDetailTableViewController.m in Sources */ = {isa = PBXBuildFile; fileRef = F63D43E914E4C2CE00632EBE /* CCTVDetailTableViewController.m */; };
		F63D440014E503C400632EBE /* CoreData.framework in Frameworks */ = {isa = PBXBuildFile; fileRef = F63D43FF14E503C400632EBE /* CoreData.framework */; };
		F63D440814E509A700632EBE /* CoreDataTableViewController.m in Sources */ = {isa = PBXBuildFile; fileRef = F63D440714E509A700632EBE /* CoreDataTableViewController.m */; };
		F63D440B14E50EC000632EBE /* CCTVDevice.xcdatamodeld in Sources */ = {isa = PBXBuildFile; fileRef = F63D440914E50EBF00632EBE /* CCTVDevice.xcdatamodeld */; };
		F63D440E14E50F6700632EBE /* Device.m in Sources */ = {isa = PBXBuildFile; fileRef = F63D440D14E50F6700632EBE /* Device.m */; };
		F681FB1E14F4C0C000649D2B /* CorePlotHeaders in Resources */ = {isa = PBXBuildFile; fileRef = F681FB1D14F4C0C000649D2B /* CorePlotHeaders */; };
		F681FB2014F4C0C800649D2B /* libCorePlot-CocoaTouch.a in Frameworks */ = {isa = PBXBuildFile; fileRef = F681FB1F14F4C0C800649D2B /* libCorePlot-CocoaTouch.a */; };
		F681FB2514F4C18700649D2B /* BarChartViewController.m in Sources */ = {isa = PBXBuildFile; fileRef = F681FB2214F4C18700649D2B /* BarChartViewController.m */; };
		F681FB2614F4C18700649D2B /* PieChartViewController.m in Sources */ = {isa = PBXBuildFile; fileRef = F681FB2414F4C18700649D2B /* PieChartViewController.m */; };
		F681FB2914F4C24900649D2B /* QuartzCore.framework in Frameworks */ = {isa = PBXBuildFile; fileRef = F681FB2814F4C24900649D2B /* QuartzCore.framework */; };
		F6A16C6F1495CE9200E0C6C5 /* UIKit.framework in Frameworks */ = {isa = PBXBuildFile; fileRef = F6A16C6E1495CE9200E0C6C5 /* UIKit.framework */; };
		F6A16C711495CE9200E0C6C5 /* Foundation.framework in Frameworks */ = {isa = PBXBuildFile; fileRef = F6A16C701495CE9200E0C6C5 /* Foundation.framework */; };
		F6A16C731495CE9200E0C6C5 /* CoreGraphics.framework in Frameworks */ = {isa = PBXBuildFile; fileRef = F6A16C721495CE9200E0C6C5 /* CoreGraphics.framework */; };
		F6A16C791495CE9200E0C6C5 /* InfoPlist.strings in Resources */ = {isa = PBXBuildFile; fileRef = F6A16C771495CE9200E0C6C5 /* InfoPlist.strings */; };
		F6A16C7B1495CE9200E0C6C5 /* main.m in Sources */ = {isa = PBXBuildFile; fileRef = F6A16C7A1495CE9200E0C6C5 /* main.m */; };
		F6A16C7F1495CE9200E0C6C5 /* BuildingMaxAppDelegate.m in Sources */ = {isa = PBXBuildFile; fileRef = F6A16C7E1495CE9200E0C6C5 /* BuildingMaxAppDelegate.m */; };
		F6A16C821495CE9200E0C6C5 /* MainStoryboard.storyboard in Resources */ = {isa = PBXBuildFile; fileRef = F6A16C801495CE9200E0C6C5 /* MainStoryboard.storyboard */; };
		F6A16C851495CE9200E0C6C5 /* BuildingMaxFirstViewController.m in Sources */ = {isa = PBXBuildFile; fileRef = F6A16C841495CE9200E0C6C5 /* BuildingMaxFirstViewController.m */; };
		F6A16C871495CE9200E0C6C5 /* first.png in Resources */ = {isa = PBXBuildFile; fileRef = F6A16C861495CE9200E0C6C5 /* first.png */; };
		F6A16C891495CE9200E0C6C5 /* first@2x.png in Resources */ = {isa = PBXBuildFile; fileRef = F6A16C881495CE9200E0C6C5 /* first@2x.png */; };
		F6A16C8C1495CE9200E0C6C5 /* BuildingMaxSecondViewController.m in Sources */ = {isa = PBXBuildFile; fileRef = F6A16C8B1495CE9200E0C6C5 /* BuildingMaxSecondViewController.m */; };
		F6A16C8E1495CE9200E0C6C5 /* second.png in Resources */ = {isa = PBXBuildFile; fileRef = F6A16C8D1495CE9200E0C6C5 /* second.png */; };
		F6A16C901495CE9200E0C6C5 /* second@2x.png in Resources */ = {isa = PBXBuildFile; fileRef = F6A16C8F1495CE9200E0C6C5 /* second@2x.png */; };
		F6B07E4314E8E73F00FDD485 /* CCTVHelper.m in Sources */ = {isa = PBXBuildFile; fileRef = F6B07E4214E8E73F00FDD485 /* CCTVHelper.m */; };
		F6BCCBDB14A06DD700C7F0A5 /* FireAlarmViewController.m in Sources */ = {isa = PBXBuildFile; fileRef = F6BCCBDA14A06DD700C7F0A5 /* FireAlarmViewController.m */; };
		F6BCCBDE14A06E1F00C7F0A5 /* AirConditioningViewController.m in Sources */ = {isa = PBXBuildFile; fileRef = F6BCCBDD14A06E1F00C7F0A5 /* AirConditioningViewController.m */; };
		F6BCCBE214A07A9F00C7F0A5 /* segmentedBackground.png in Resources */ = {isa = PBXBuildFile; fileRef = F6BCCBE114A07A9F00C7F0A5 /* segmentedBackground.png */; };
		F6E10AFC14E0CB210047B8BE /* CoreMedia.framework in Frameworks */ = {isa = PBXBuildFile; fileRef = F6E10AFB14E0CB210047B8BE /* CoreMedia.framework */; };
		F6E8F6F214E24BC100729A9E /* CCTVTableViewController.m in Sources */ = {isa = PBXBuildFile; fileRef = F6E8F6F114E24BC100729A9E /* CCTVTableViewController.m */; };
		F6F3A4D814EE4ABD00546574 /* Galaxy-1.jpg in Resources */ = {isa = PBXBuildFile; fileRef = F6F3A4D714EE4ABD00546574 /* Galaxy-1.jpg */; };
/* End PBXBuildFile section */

/* Begin PBXFileReference section */
		F60179F814EB88E700CB0D32 /* CCTVEditTableViewController.h */ = {isa = PBXFileReference; fileEncoding = 4; lastKnownFileType = sourcecode.c.h; path = CCTVEditTableViewController.h; sourceTree = "<group>"; };
		F60179F914EB88E700CB0D32 /* CCTVEditTableViewController.m */ = {isa = PBXFileReference; fileEncoding = 4; lastKnownFileType = sourcecode.c.objc; path = CCTVEditTableViewController.m; sourceTree = "<group>"; };
		F60CC91A14F3381800DCA7B6 /* CCTVMPViewController.h */ = {isa = PBXFileReference; fileEncoding = 4; lastKnownFileType = sourcecode.c.h; path = CCTVMPViewController.h; sourceTree = "<group>"; };
		F60CC91B14F3381800DCA7B6 /* CCTVMPViewController.m */ = {isa = PBXFileReference; fileEncoding = 4; lastKnownFileType = sourcecode.c.objc; path = CCTVMPViewController.m; sourceTree = "<group>"; };
		F60CC91D14F33A7F00DCA7B6 /* MediaPlayer.framework */ = {isa = PBXFileReference; lastKnownFileType = wrapper.framework; name = MediaPlayer.framework; path = System/Library/Frameworks/MediaPlayer.framework; sourceTree = SDKROOT; };
		F62D4B8814DBC376006CEC89 /* CCTVViewController.h */ = {isa = PBXFileReference; fileEncoding = 4; lastKnownFileType = sourcecode.c.h; path = CCTVViewController.h; sourceTree = "<group>"; };
		F62D4B8914DBC376006CEC89 /* CCTVViewController.m */ = {isa = PBXFileReference; fileEncoding = 4; lastKnownFileType = sourcecode.c.objc; path = CCTVViewController.m; sourceTree = "<group>"; };
		F62D4B8D14DBC68D006CEC89 /* CCTVPlayerLayerView.h */ = {isa = PBXFileReference; fileEncoding = 4; lastKnownFileType = sourcecode.c.h; path = CCTVPlayerLayerView.h; sourceTree = "<group>"; };
		F62D4B8E14DBC68D006CEC89 /* CCTVPlayerLayerView.m */ = {isa = PBXFileReference; fileEncoding = 4; lastKnownFileType = sourcecode.c.objc; path = CCTVPlayerLayerView.m; sourceTree = "<group>"; };
		F62D4B9014DBC778006CEC89 /* AVFoundation.framework */ = {isa = PBXFileReference; lastKnownFileType = wrapper.framework; name = AVFoundation.framework; path = System/Library/Frameworks/AVFoundation.framework; sourceTree = SDKROOT; };
		F63D43E214E4BF9C00632EBE /* CCTVAddTableViewController.h */ = {isa = PBXFileReference; fileEncoding = 4; lastKnownFileType = sourcecode.c.h; path = CCTVAddTableViewController.h; sourceTree = "<group>"; };
		F63D43E314E4BF9C00632EBE /* CCTVAddTableViewController.m */ = {isa = PBXFileReference; fileEncoding = 4; lastKnownFileType = sourcecode.c.objc; path = CCTVAddTableViewController.m; sourceTree = "<group>"; };
		F63D43E814E4C2CE00632EBE /* CCTVDetailTableViewController.h */ = {isa = PBXFileReference; fileEncoding = 4; lastKnownFileType = sourcecode.c.h; path = CCTVDetailTableViewController.h; sourceTree = "<group>"; };
		F63D43E914E4C2CE00632EBE /* CCTVDetailTableViewController.m */ = {isa = PBXFileReference; fileEncoding = 4; lastKnownFileType = sourcecode.c.objc; path = CCTVDetailTableViewController.m; sourceTree = "<group>"; };
		F63D43FF14E503C400632EBE /* CoreData.framework */ = {isa = PBXFileReference; lastKnownFileType = wrapper.framework; name = CoreData.framework; path = System/Library/Frameworks/CoreData.framework; sourceTree = SDKROOT; };
		F63D440614E509A700632EBE /* CoreDataTableViewController.h */ = {isa = PBXFileReference; fileEncoding = 4; lastKnownFileType = sourcecode.c.h; path = CoreDataTableViewController.h; sourceTree = "<group>"; };
		F63D440714E509A700632EBE /* CoreDataTableViewController.m */ = {isa = PBXFileReference; fileEncoding = 4; lastKnownFileType = sourcecode.c.objc; path = CoreDataTableViewController.m; sourceTree = "<group>"; };
		F63D440A14E50EC000632EBE /* CCTVDevice.xcdatamodel */ = {isa = PBXFileReference; lastKnownFileType = wrapper.xcdatamodel; path = CCTVDevice.xcdatamodel; sourceTree = "<group>"; };
		F63D440C14E50F6700632EBE /* Device.h */ = {isa = PBXFileReference; fileEncoding = 4; lastKnownFileType = sourcecode.c.h; name = Device.h; path = ../Device.h; sourceTree = "<group>"; };
		F63D440D14E50F6700632EBE /* Device.m */ = {isa = PBXFileReference; fileEncoding = 4; lastKnownFileType = sourcecode.c.objc; name = Device.m; path = ../Device.m; sourceTree = "<group>"; };
		F681FB1D14F4C0C000649D2B /* CorePlotHeaders */ = {isa = PBXFileReference; lastKnownFileType = folder; path = CorePlotHeaders; sourceTree = "<group>"; };
		F681FB1F14F4C0C800649D2B /* libCorePlot-CocoaTouch.a */ = {isa = PBXFileReference; lastKnownFileType = archive.ar; path = "libCorePlot-CocoaTouch.a"; sourceTree = "<group>"; };
		F681FB2114F4C18700649D2B /* BarChartViewController.h */ = {isa = PBXFileReference; fileEncoding = 4; lastKnownFileType = sourcecode.c.h; path = BarChartViewController.h; sourceTree = "<group>"; };
		F681FB2214F4C18700649D2B /* BarChartViewController.m */ = {isa = PBXFileReference; fileEncoding = 4; lastKnownFileType = sourcecode.c.objc; path = BarChartViewController.m; sourceTree = "<group>"; };
		F681FB2314F4C18700649D2B /* PieChartViewController.h */ = {isa = PBXFileReference; fileEncoding = 4; lastKnownFileType = sourcecode.c.h; path = PieChartViewController.h; sourceTree = "<group>"; };
		F681FB2414F4C18700649D2B /* PieChartViewController.m */ = {isa = PBXFileReference; fileEncoding = 4; lastKnownFileType = sourcecode.c.objc; path = PieChartViewController.m; sourceTree = "<group>"; };
		F681FB2814F4C24900649D2B /* QuartzCore.framework */ = {isa = PBXFileReference; lastKnownFileType = wrapper.framework; name = QuartzCore.framework; path = System/Library/Frameworks/QuartzCore.framework; sourceTree = SDKROOT; };
		F6A16C6A1495CE9200E0C6C5 /* BuildingMax.app */ = {isa = PBXFileReference; explicitFileType = wrapper.application; includeInIndex = 0; path = BuildingMax.app; sourceTree = BUILT_PRODUCTS_DIR; };
		F6A16C6E1495CE9200E0C6C5 /* UIKit.framework */ = {isa = PBXFileReference; lastKnownFileType = wrapper.framework; name = UIKit.framework; path = System/Library/Frameworks/UIKit.framework; sourceTree = SDKROOT; };
		F6A16C701495CE9200E0C6C5 /* Foundation.framework */ = {isa = PBXFileReference; lastKnownFileType = wrapper.framework; name = Foundation.framework; path = System/Library/Frameworks/Foundation.framework; sourceTree = SDKROOT; };
		F6A16C721495CE9200E0C6C5 /* CoreGraphics.framework */ = {isa = PBXFileReference; lastKnownFileType = wrapper.framework; name = CoreGraphics.framework; path = System/Library/Frameworks/CoreGraphics.framework; sourceTree = SDKROOT; };
		F6A16C761495CE9200E0C6C5 /* BuildingMax-Info.plist */ = {isa = PBXFileReference; lastKnownFileType = text.plist.xml; path = "BuildingMax-Info.plist"; sourceTree = "<group>"; };
		F6A16C781495CE9200E0C6C5 /* en */ = {isa = PBXFileReference; lastKnownFileType = text.plist.strings; name = en; path = en.lproj/InfoPlist.strings; sourceTree = "<group>"; };
		F6A16C7A1495CE9200E0C6C5 /* main.m */ = {isa = PBXFileReference; lastKnownFileType = sourcecode.c.objc; path = main.m; sourceTree = "<group>"; };
		F6A16C7C1495CE9200E0C6C5 /* BuildingMax-Prefix.pch */ = {isa = PBXFileReference; lastKnownFileType = sourcecode.c.h; path = "BuildingMax-Prefix.pch"; sourceTree = "<group>"; };
		F6A16C7D1495CE9200E0C6C5 /* BuildingMaxAppDelegate.h */ = {isa = PBXFileReference; lastKnownFileType = sourcecode.c.h; path = BuildingMaxAppDelegate.h; sourceTree = "<group>"; };
		F6A16C7E1495CE9200E0C6C5 /* BuildingMaxAppDelegate.m */ = {isa = PBXFileReference; lastKnownFileType = sourcecode.c.objc; path = BuildingMaxAppDelegate.m; sourceTree = "<group>"; };
		F6A16C811495CE9200E0C6C5 /* en */ = {isa = PBXFileReference; lastKnownFileType = file.storyboard; name = en; path = en.lproj/MainStoryboard.storyboard; sourceTree = "<group>"; };
		F6A16C831495CE9200E0C6C5 /* BuildingMaxFirstViewController.h */ = {isa = PBXFileReference; lastKnownFileType = sourcecode.c.h; path = BuildingMaxFirstViewController.h; sourceTree = "<group>"; };
		F6A16C841495CE9200E0C6C5 /* BuildingMaxFirstViewController.m */ = {isa = PBXFileReference; lastKnownFileType = sourcecode.c.objc; path = BuildingMaxFirstViewController.m; sourceTree = "<group>"; };
		F6A16C861495CE9200E0C6C5 /* first.png */ = {isa = PBXFileReference; lastKnownFileType = image.png; path = first.png; sourceTree = "<group>"; };
		F6A16C881495CE9200E0C6C5 /* first@2x.png */ = {isa = PBXFileReference; lastKnownFileType = image.png; path = "first@2x.png"; sourceTree = "<group>"; };
		F6A16C8A1495CE9200E0C6C5 /* BuildingMaxSecondViewController.h */ = {isa = PBXFileReference; lastKnownFileType = sourcecode.c.h; path = BuildingMaxSecondViewController.h; sourceTree = "<group>"; };
		F6A16C8B1495CE9200E0C6C5 /* BuildingMaxSecondViewController.m */ = {isa = PBXFileReference; lastKnownFileType = sourcecode.c.objc; path = BuildingMaxSecondViewController.m; sourceTree = "<group>"; };
		F6A16C8D1495CE9200E0C6C5 /* second.png */ = {isa = PBXFileReference; lastKnownFileType = image.png; path = second.png; sourceTree = "<group>"; };
		F6A16C8F1495CE9200E0C6C5 /* second@2x.png */ = {isa = PBXFileReference; lastKnownFileType = image.png; path = "second@2x.png"; sourceTree = "<group>"; };
		F6B07E4114E8E73F00FDD485 /* CCTVHelper.h */ = {isa = PBXFileReference; fileEncoding = 4; lastKnownFileType = sourcecode.c.h; path = CCTVHelper.h; sourceTree = "<group>"; };
		F6B07E4214E8E73F00FDD485 /* CCTVHelper.m */ = {isa = PBXFileReference; fileEncoding = 4; lastKnownFileType = sourcecode.c.objc; path = CCTVHelper.m; sourceTree = "<group>"; };
		F6BCCBD914A06DD700C7F0A5 /* FireAlarmViewController.h */ = {isa = PBXFileReference; fileEncoding = 4; lastKnownFileType = sourcecode.c.h; path = FireAlarmViewController.h; sourceTree = "<group>"; };
		F6BCCBDA14A06DD700C7F0A5 /* FireAlarmViewController.m */ = {isa = PBXFileReference; fileEncoding = 4; lastKnownFileType = sourcecode.c.objc; path = FireAlarmViewController.m; sourceTree = "<group>"; };
		F6BCCBDC14A06E1F00C7F0A5 /* AirConditioningViewController.h */ = {isa = PBXFileReference; fileEncoding = 4; lastKnownFileType = sourcecode.c.h; path = AirConditioningViewController.h; sourceTree = "<group>"; };
		F6BCCBDD14A06E1F00C7F0A5 /* AirConditioningViewController.m */ = {isa = PBXFileReference; fileEncoding = 4; lastKnownFileType = sourcecode.c.objc; path = AirConditioningViewController.m; sourceTree = "<group>"; };
		F6BCCBE114A07A9F00C7F0A5 /* segmentedBackground.png */ = {isa = PBXFileReference; lastKnownFileType = image.png; path = segmentedBackground.png; sourceTree = "<group>"; };
		F6E10AFB14E0CB210047B8BE /* CoreMedia.framework */ = {isa = PBXFileReference; lastKnownFileType = wrapper.framework; name = CoreMedia.framework; path = System/Library/Frameworks/CoreMedia.framework; sourceTree = SDKROOT; };
		F6E8F6F014E24BC100729A9E /* CCTVTableViewController.h */ = {isa = PBXFileReference; fileEncoding = 4; lastKnownFileType = sourcecode.c.h; path = CCTVTableViewController.h; sourceTree = "<group>"; };
		F6E8F6F114E24BC100729A9E /* CCTVTableViewController.m */ = {isa = PBXFileReference; fileEncoding = 4; lastKnownFileType = sourcecode.c.objc; path = CCTVTableViewController.m; sourceTree = "<group>"; };
		F6F3A4D714EE4ABD00546574 /* Galaxy-1.jpg */ = {isa = PBXFileReference; lastKnownFileType = image.jpeg; path = "Galaxy-1.jpg"; sourceTree = "<group>"; };
/* End PBXFileReference section */

/* Begin PBXFrameworksBuildPhase section */
		F6A16C671495CE9200E0C6C5 /* Frameworks */ = {
			isa = PBXFrameworksBuildPhase;
			buildActionMask = 2147483647;
			files = (
				F681FB2914F4C24900649D2B /* QuartzCore.framework in Frameworks */,
				F60CC91E14F33A7F00DCA7B6 /* MediaPlayer.framework in Frameworks */,
				F63D440014E503C400632EBE /* CoreData.framework in Frameworks */,
				F6E10AFC14E0CB210047B8BE /* CoreMedia.framework in Frameworks */,
				F62D4B9114DBC779006CEC89 /* AVFoundation.framework in Frameworks */,
				F6A16C6F1495CE9200E0C6C5 /* UIKit.framework in Frameworks */,
				F6A16C711495CE9200E0C6C5 /* Foundation.framework in Frameworks */,
				F6A16C731495CE9200E0C6C5 /* CoreGraphics.framework in Frameworks */,
				F681FB2014F4C0C800649D2B /* libCorePlot-CocoaTouch.a in Frameworks */,
			);
			runOnlyForDeploymentPostprocessing = 0;
		};
/* End PBXFrameworksBuildPhase section */

/* Begin PBXGroup section */
		F62D4B8C14DBC61A006CEC89 /* CCTV */ = {
			isa = PBXGroup;
			children = (
				F63D43E714E4BFCD00632EBE /* CCTVAVPlayer */,
				F63D43E614E4BFB900632EBE /* CCTVTableView */,
			);
			name = CCTV;
			sourceTree = "<group>";
		};
		F63D43E614E4BFB900632EBE /* CCTVTableView */ = {
			isa = PBXGroup;
			children = (
				F63D440514E5097300632EBE /* CCTV CoreData */,
				F6E8F6F014E24BC100729A9E /* CCTVTableViewController.h */,
				F6E8F6F114E24BC100729A9E /* CCTVTableViewController.m */,
				F63D43E214E4BF9C00632EBE /* CCTVAddTableViewController.h */,
				F63D43E314E4BF9C00632EBE /* CCTVAddTableViewController.m */,
				F63D43E814E4C2CE00632EBE /* CCTVDetailTableViewController.h */,
				F63D43E914E4C2CE00632EBE /* CCTVDetailTableViewController.m */,
				F6B07E4114E8E73F00FDD485 /* CCTVHelper.h */,
				F6B07E4214E8E73F00FDD485 /* CCTVHelper.m */,
				F60179F814EB88E700CB0D32 /* CCTVEditTableViewController.h */,
				F60179F914EB88E700CB0D32 /* CCTVEditTableViewController.m */,
			);
			name = CCTVTableView;
			sourceTree = "<group>";
		};
		F63D43E714E4BFCD00632EBE /* CCTVAVPlayer */ = {
			isa = PBXGroup;
			children = (
				F62D4B8814DBC376006CEC89 /* CCTVViewController.h */,
				F62D4B8914DBC376006CEC89 /* CCTVViewController.m */,
				F62D4B8D14DBC68D006CEC89 /* CCTVPlayerLayerView.h */,
				F62D4B8E14DBC68D006CEC89 /* CCTVPlayerLayerView.m */,
				F60CC91A14F3381800DCA7B6 /* CCTVMPViewController.h */,
				F60CC91B14F3381800DCA7B6 /* CCTVMPViewController.m */,
			);
			name = CCTVAVPlayer;
			sourceTree = "<group>";
		};
		F63D440514E5097300632EBE /* CCTV CoreData */ = {
			isa = PBXGroup;
			children = (
				F63D440614E509A700632EBE /* CoreDataTableViewController.h */,
				F63D440714E509A700632EBE /* CoreDataTableViewController.m */,
				F63D440914E50EBF00632EBE /* CCTVDevice.xcdatamodeld */,
				F63D440C14E50F6700632EBE /* Device.h */,
				F63D440D14E50F6700632EBE /* Device.m */,
			);
			name = "CCTV CoreData";
			sourceTree = "<group>";
		};
		F681FB2714F4C19100649D2B /* Statistics Chart */ = {
			isa = PBXGroup;
			children = (
				F681FB2114F4C18700649D2B /* BarChartViewController.h */,
				F681FB2214F4C18700649D2B /* BarChartViewController.m */,
				F681FB2314F4C18700649D2B /* PieChartViewController.h */,
				F681FB2414F4C18700649D2B /* PieChartViewController.m */,
			);
			name = "Statistics Chart";
			sourceTree = "<group>";
		};
		F6A16C5F1495CE9100E0C6C5 = {
			isa = PBXGroup;
			children = (
				F6A16C741495CE9200E0C6C5 /* BuildingMax */,
				F6A16C6D1495CE9200E0C6C5 /* Frameworks */,
				F6A16C6B1495CE9200E0C6C5 /* Products */,
			);
			sourceTree = "<group>";
		};
		F6A16C6B1495CE9200E0C6C5 /* Products */ = {
			isa = PBXGroup;
			children = (
				F6A16C6A1495CE9200E0C6C5 /* BuildingMax.app */,
			);
			name = Products;
			sourceTree = "<group>";
		};
		F6A16C6D1495CE9200E0C6C5 /* Frameworks */ = {
			isa = PBXGroup;
			children = (
				F681FB2814F4C24900649D2B /* QuartzCore.framework */,
				F60CC91D14F33A7F00DCA7B6 /* MediaPlayer.framework */,
				F63D43FF14E503C400632EBE /* CoreData.framework */,
				F62D4B9014DBC778006CEC89 /* AVFoundation.framework */,
				F6E10AFB14E0CB210047B8BE /* CoreMedia.framework */,
				F6A16C6E1495CE9200E0C6C5 /* UIKit.framework */,
				F6A16C701495CE9200E0C6C5 /* Foundation.framework */,
				F6A16C721495CE9200E0C6C5 /* CoreGraphics.framework */,
			);
			name = Frameworks;
			sourceTree = "<group>";
		};
		F6A16C741495CE9200E0C6C5 /* BuildingMax */ = {
			isa = PBXGroup;
			children = (
				F681FB2714F4C19100649D2B /* Statistics Chart */,
				F6BCCBD914A06DD700C7F0A5 /* FireAlarmViewController.h */,
				F6BCCBDA14A06DD700C7F0A5 /* FireAlarmViewController.m */,
				F6BCCBDC14A06E1F00C7F0A5 /* AirConditioningViewController.h */,
				F6BCCBDD14A06E1F00C7F0A5 /* AirConditioningViewController.m */,
				F6A16C831495CE9200E0C6C5 /* BuildingMaxFirstViewController.h */,
				F6A16C841495CE9200E0C6C5 /* BuildingMaxFirstViewController.m */,
				F6A16C8A1495CE9200E0C6C5 /* BuildingMaxSecondViewController.h */,
				F6A16C8B1495CE9200E0C6C5 /* BuildingMaxSecondViewController.m */,
				F6A16C801495CE9200E0C6C5 /* MainStoryboard.storyboard */,
				F62D4B8C14DBC61A006CEC89 /* CCTV */,
				F6F3A4C914EE28E600546574 /* Resource */,
				F6A16C751495CE9200E0C6C5 /* Supporting Files */,
			);
			path = BuildingMax;
			sourceTree = "<group>";
		};
		F6A16C751495CE9200E0C6C5 /* Supporting Files */ = {
			isa = PBXGroup;
			children = (
				F681FB1F14F4C0C800649D2B /* libCorePlot-CocoaTouch.a */,
				F681FB1D14F4C0C000649D2B /* CorePlotHeaders */,
				F6A16C7D1495CE9200E0C6C5 /* BuildingMaxAppDelegate.h */,
				F6A16C7E1495CE9200E0C6C5 /* BuildingMaxAppDelegate.m */,
				F6A16C761495CE9200E0C6C5 /* BuildingMax-Info.plist */,
				F6A16C771495CE9200E0C6C5 /* InfoPlist.strings */,
				F6A16C7A1495CE9200E0C6C5 /* main.m */,
				F6A16C7C1495CE9200E0C6C5 /* BuildingMax-Prefix.pch */,
			);
			name = "Supporting Files";
			sourceTree = "<group>";
		};
		F6F3A4C914EE28E600546574 /* Resource */ = {
			isa = PBXGroup;
			children = (
				F6F3A4D714EE4ABD00546574 /* Galaxy-1.jpg */,
				F6A16C861495CE9200E0C6C5 /* first.png */,
				F6A16C881495CE9200E0C6C5 /* first@2x.png */,
				F6A16C8D1495CE9200E0C6C5 /* second.png */,
				F6A16C8F1495CE9200E0C6C5 /* second@2x.png */,
				F6BCCBE114A07A9F00C7F0A5 /* segmentedBackground.png */,
			);
			name = Resource;
			sourceTree = "<group>";
		};
/* End PBXGroup section */

/* Begin PBXNativeTarget section */
		F6A16C691495CE9200E0C6C5 /* BuildingMax */ = {
			isa = PBXNativeTarget;
			buildConfigurationList = F6A16C931495CE9200E0C6C5 /* Build configuration list for PBXNativeTarget "BuildingMax" */;
			buildPhases = (
				F6A16C661495CE9200E0C6C5 /* Sources */,
				F6A16C671495CE9200E0C6C5 /* Frameworks */,
				F6A16C681495CE9200E0C6C5 /* Resources */,
			);
			buildRules = (
			);
			dependencies = (
			);
			name = BuildingMax;
			productName = BuildingMax;
			productReference = F6A16C6A1495CE9200E0C6C5 /* BuildingMax.app */;
			productType = "com.apple.product-type.application";
		};
/* End PBXNativeTarget section */

/* Begin PBXProject section */
		F6A16C611495CE9100E0C6C5 /* Project object */ = {
			isa = PBXProject;
			attributes = {
				LastUpgradeCheck = 0430;
			};
			buildConfigurationList = F6A16C641495CE9100E0C6C5 /* Build configuration list for PBXProject "BuildingMax" */;
			compatibilityVersion = "Xcode 3.2";
			developmentRegion = English;
			hasScannedForEncodings = 0;
			knownRegions = (
				en,
			);
			mainGroup = F6A16C5F1495CE9100E0C6C5;
			productRefGroup = F6A16C6B1495CE9200E0C6C5 /* Products */;
			projectDirPath = "";
			projectRoot = "";
			targets = (
				F6A16C691495CE9200E0C6C5 /* BuildingMax */,
			);
		};
/* End PBXProject section */

/* Begin PBXResourcesBuildPhase section */
		F6A16C681495CE9200E0C6C5 /* Resources */ = {
			isa = PBXResourcesBuildPhase;
			buildActionMask = 2147483647;
			files = (
				F6A16C791495CE9200E0C6C5 /* InfoPlist.strings in Resources */,
				F6A16C821495CE9200E0C6C5 /* MainStoryboard.storyboard in Resources */,
				F6A16C871495CE9200E0C6C5 /* first.png in Resources */,
				F6A16C891495CE9200E0C6C5 /* first@2x.png in Resources */,
				F6A16C8E1495CE9200E0C6C5 /* second.png in Resources */,
				F6A16C901495CE9200E0C6C5 /* second@2x.png in Resources */,
				F6BCCBE214A07A9F00C7F0A5 /* segmentedBackground.png in Resources */,
				F6F3A4D814EE4ABD00546574 /* Galaxy-1.jpg in Resources */,
				F681FB1E14F4C0C000649D2B /* CorePlotHeaders in Resources */,
			);
			runOnlyForDeploymentPostprocessing = 0;
		};
/* End PBXResourcesBuildPhase section */

/* Begin PBXSourcesBuildPhase section */
		F6A16C661495CE9200E0C6C5 /* Sources */ = {
			isa = PBXSourcesBuildPhase;
			buildActionMask = 2147483647;
			files = (
				F6A16C7B1495CE9200E0C6C5 /* main.m in Sources */,
				F6A16C7F1495CE9200E0C6C5 /* BuildingMaxAppDelegate.m in Sources */,
				F6A16C851495CE9200E0C6C5 /* BuildingMaxFirstViewController.m in Sources */,
				F6A16C8C1495CE9200E0C6C5 /* BuildingMaxSecondViewController.m in Sources */,
				F6BCCBDB14A06DD700C7F0A5 /* FireAlarmViewController.m in Sources */,
				F6BCCBDE14A06E1F00C7F0A5 /* AirConditioningViewController.m in Sources */,
				F62D4B8A14DBC376006CEC89 /* CCTVViewController.m in Sources */,
				F62D4B8F14DBC68D006CEC89 /* CCTVPlayerLayerView.m in Sources */,
				F6E8F6F214E24BC100729A9E /* CCTVTableViewController.m in Sources */,
				F63D43E414E4BF9C00632EBE /* CCTVAddTableViewController.m in Sources */,
				F63D43EA14E4C2CE00632EBE /* CCTVDetailTableViewController.m in Sources */,
				F63D440814E509A700632EBE /* CoreDataTableViewController.m in Sources */,
				F63D440B14E50EC000632EBE /* CCTVDevice.xcdatamodeld in Sources */,
				F63D440E14E50F6700632EBE /* Device.m in Sources */,
				F6B07E4314E8E73F00FDD485 /* CCTVHelper.m in Sources */,
				F60179FA14EB88E700CB0D32 /* CCTVEditTableViewController.m in Sources */,
				F60CC91C14F3381800DCA7B6 /* CCTVMPViewController.m in Sources */,
				F681FB2514F4C18700649D2B /* BarChartViewController.m in Sources */,
				F681FB2614F4C18700649D2B /* PieChartViewController.m in Sources */,
			);
			runOnlyForDeploymentPostprocessing = 0;
		};
/* End PBXSourcesBuildPhase section */

/* Begin PBXVariantGroup section */
		F6A16C771495CE9200E0C6C5 /* InfoPlist.strings */ = {
			isa = PBXVariantGroup;
			children = (
				F6A16C781495CE9200E0C6C5 /* en */,
			);
			name = InfoPlist.strings;
			sourceTree = "<group>";
		};
		F6A16C801495CE9200E0C6C5 /* MainStoryboard.storyboard */ = {
			isa = PBXVariantGroup;
			children = (
				F6A16C811495CE9200E0C6C5 /* en */,
			);
			name = MainStoryboard.storyboard;
			sourceTree = "<group>";
		};
/* End PBXVariantGroup section */

/* Begin XCBuildConfiguration section */
		F6A16C911495CE9200E0C6C5 /* Debug */ = {
			isa = XCBuildConfiguration;
			buildSettings = {
				ALWAYS_SEARCH_USER_PATHS = NO;
				ARCHS = "$(ARCHS_STANDARD_32_BIT)";
				CLANG_ENABLE_OBJC_ARC = YES;
				"CODE_SIGN_IDENTITY[sdk=iphoneos*]" = "iPhone Developer";
				COPY_PHASE_STRIP = NO;
				GCC_C_LANGUAGE_STANDARD = gnu99;
				GCC_DYNAMIC_NO_PIC = NO;
				GCC_OPTIMIZATION_LEVEL = 0;
				GCC_PREPROCESSOR_DEFINITIONS = (
					"DEBUG=1",
					"$(inherited)",
				);
				GCC_SYMBOLS_PRIVATE_EXTERN = NO;
				GCC_VERSION = com.apple.compilers.llvm.clang.1_0;
				GCC_WARN_ABOUT_MISSING_PROTOTYPES = YES;
				GCC_WARN_ABOUT_RETURN_TYPE = YES;
				GCC_WARN_UNUSED_VARIABLE = YES;
				IPHONEOS_DEPLOYMENT_TARGET = 5.0;
				SDKROOT = iphoneos;
			};
			name = Debug;
		};
		F6A16C921495CE9200E0C6C5 /* Release */ = {
			isa = XCBuildConfiguration;
			buildSettings = {
				ALWAYS_SEARCH_USER_PATHS = NO;
				ARCHS = "$(ARCHS_STANDARD_32_BIT)";
				CLANG_ENABLE_OBJC_ARC = YES;
				"CODE_SIGN_IDENTITY[sdk=iphoneos*]" = "iPhone Developer";
				COPY_PHASE_STRIP = YES;
				GCC_C_LANGUAGE_STANDARD = gnu99;
				GCC_VERSION = com.apple.compilers.llvm.clang.1_0;
				GCC_WARN_ABOUT_MISSING_PROTOTYPES = YES;
				GCC_WARN_ABOUT_RETURN_TYPE = YES;
				GCC_WARN_UNUSED_VARIABLE = YES;
				IPHONEOS_DEPLOYMENT_TARGET = 5.0;
				OTHER_CFLAGS = "-DNS_BLOCK_ASSERTIONS=1";
				SDKROOT = iphoneos;
				VALIDATE_PRODUCT = YES;
			};
			name = Release;
		};
		F6A16C941495CE9200E0C6C5 /* Debug */ = {
			isa = XCBuildConfiguration;
			buildSettings = {
				GCC_PRECOMPILE_PREFIX_HEADER = YES;
				GCC_PREFIX_HEADER = "BuildingMax/BuildingMax-Prefix.pch";
				INFOPLIST_FILE = "BuildingMax/BuildingMax-Info.plist";
				LIBRARY_SEARCH_PATHS = (
					"$(inherited)",
					"\"$(SRCROOT)/BuildingMax\"",
				);
				"OTHER_LDFLAGS[arch=*]" = "-all_load";
				PRODUCT_NAME = "$(TARGET_NAME)";
				WRAPPER_EXTENSION = app;
			};
			name = Debug;
		};
		F6A16C951495CE9200E0C6C5 /* Release */ = {
			isa = XCBuildConfiguration;
			buildSettings = {
				GCC_PRECOMPILE_PREFIX_HEADER = YES;
				GCC_PREFIX_HEADER = "BuildingMax/BuildingMax-Prefix.pch";
				INFOPLIST_FILE = "BuildingMax/BuildingMax-Info.plist";
				LIBRARY_SEARCH_PATHS = (
					"$(inherited)",
					"\"$(SRCROOT)/BuildingMax\"",
				);
				"OTHER_LDFLAGS[arch=*]" = "-all_load";
				PRODUCT_NAME = "$(TARGET_NAME)";
				WRAPPER_EXTENSION = app;
			};
			name = Release;
		};
/* End XCBuildConfiguration section */

/* Begin XCConfigurationList section */
		F6A16C641495CE9100E0C6C5 /* Build configuration list for PBXProject "BuildingMax" */ = {
			isa = XCConfigurationList;
			buildConfigurations = (
				F6A16C911495CE9200E0C6C5 /* Debug */,
				F6A16C921495CE9200E0C6C5 /* Release */,
			);
			defaultConfigurationIsVisible = 0;
			defaultConfigurationName = Release;
		};
		F6A16C931495CE9200E0C6C5 /* Build configuration list for PBXNativeTarget "BuildingMax" */ = {
			isa = XCConfigurationList;
			buildConfigurations = (
				F6A16C941495CE9200E0C6C5 /* Debug */,
				F6A16C951495CE9200E0C6C5 /* Release */,
			);
			defaultConfigurationIsVisible = 0;
			defaultConfigurationName = Release;
		};
/* End XCConfigurationList section */

/* Begin XCVersionGroup section */
		F63D440914E50EBF00632EBE /* CCTVDevice.xcdatamodeld */ = {
			isa = XCVersionGroup;
			children = (
				F63D440A14E50EC000632EBE /* CCTVDevice.xcdatamodel */,
			);
			currentVersion = F63D440A14E50EC000632EBE /* CCTVDevice.xcdatamodel */;
			path = CCTVDevice.xcdatamodeld;
			sourceTree = "<group>";
			versionGroupType = wrapper.xcdatamodel;
		};
/* End XCVersionGroup section */
	};
	rootObject = F6A16C611495CE9100E0C6C5 /* Project object */;
}
